// !$*UTF8*$!
{
	archiveVersion = 1;
	classes = {
	};
	objectVersion = 56;
	objects = {

/* Begin PBXBuildFile section */
		E38B83CC2AED04A500DA0FA9 /* AppDelegate.swift in Sources */ = {isa = PBXBuildFile; fileRef = E38B83CB2AED04A500DA0FA9 /* AppDelegate.swift */; };
		E38B83CE2AED04A500DA0FA9 /* SceneDelegate.swift in Sources */ = {isa = PBXBuildFile; fileRef = E38B83CD2AED04A500DA0FA9 /* SceneDelegate.swift */; };
		E38B83D02AED04A500DA0FA9 /* ViewController.swift in Sources */ = {isa = PBXBuildFile; fileRef = E38B83CF2AED04A500DA0FA9 /* ViewController.swift */; };
		E38B83D32AED04A500DA0FA9 /* Main.storyboard in Resources */ = {isa = PBXBuildFile; fileRef = E38B83D12AED04A500DA0FA9 /* Main.storyboard */; };
		E38B83D52AED04AA00DA0FA9 /* Assets.xcassets in Resources */ = {isa = PBXBuildFile; fileRef = E38B83D42AED04AA00DA0FA9 /* Assets.xcassets */; };
		E38B83D82AED04AA00DA0FA9 /* LaunchScreen.storyboard in Resources */ = {isa = PBXBuildFile; fileRef = E38B83D62AED04AA00DA0FA9 /* LaunchScreen.storyboard */; };
		E38B83E32AED04AA00DA0FA9 /* IosApplicationTests.swift in Sources */ = {isa = PBXBuildFile; fileRef = E38B83E22AED04AA00DA0FA9 /* IosApplicationTests.swift */; };
		E38B83ED2AED04AA00DA0FA9 /* IosApplicationUITests.swift in Sources */ = {isa = PBXBuildFile; fileRef = E38B83EC2AED04AA00DA0FA9 /* IosApplicationUITests.swift */; };
		E38B83EF2AED04AA00DA0FA9 /* IosApplicationUITestsLaunchTests.swift in Sources */ = {isa = PBXBuildFile; fileRef = E38B83EE2AED04AA00DA0FA9 /* IosApplicationUITestsLaunchTests.swift */; };
/* End PBXBuildFile section */

/* Begin PBXContainerItemProxy section */
		E38B83DF2AED04AA00DA0FA9 /* PBXContainerItemProxy */ = {
			isa = PBXContainerItemProxy;
			containerPortal = E38B83C02AED04A500DA0FA9 /* Project object */;
			proxyType = 1;
			remoteGlobalIDString = E38B83C72AED04A500DA0FA9;
			remoteInfo = IosApplication;
		};
		E38B83E92AED04AA00DA0FA9 /* PBXContainerItemProxy */ = {
			isa = PBXContainerItemProxy;
			containerPortal = E38B83C02AED04A500DA0FA9 /* Project object */;
			proxyType = 1;
			remoteGlobalIDString = E38B83C72AED04A500DA0FA9;
			remoteInfo = IosApplication;
		};
/* End PBXContainerItemProxy section */

/* Begin PBXFileReference section */
		E38B83C82AED04A500DA0FA9 /* IosApplication.app */ = {isa = PBXFileReference; explicitFileType = wrapper.application; includeInIndex = 0; path = IosApplication.app; sourceTree = BUILT_PRODUCTS_DIR; };
		E38B83CB2AED04A500DA0FA9 /* AppDelegate.swift */ = {isa = PBXFileReference; lastKnownFileType = sourcecode.swift; path = AppDelegate.swift; sourceTree = "<group>"; };
		E38B83CD2AED04A500DA0FA9 /* SceneDelegate.swift */ = {isa = PBXFileReference; lastKnownFileType = sourcecode.swift; path = SceneDelegate.swift; sourceTree = "<group>"; };
		E38B83CF2AED04A500DA0FA9 /* ViewController.swift */ = {isa = PBXFileReference; lastKnownFileType = sourcecode.swift; path = ViewController.swift; sourceTree = "<group>"; };
		E38B83D22AED04A500DA0FA9 /* Base */ = {isa = PBXFileReference; lastKnownFileType = file.storyboard; name = Base; path = Base.lproj/Main.storyboard; sourceTree = "<group>"; };
		E38B83D42AED04AA00DA0FA9 /* Assets.xcassets */ = {isa = PBXFileReference; lastKnownFileType = folder.assetcatalog; path = Assets.xcassets; sourceTree = "<group>"; };
		E38B83D72AED04AA00DA0FA9 /* Base */ = {isa = PBXFileReference; lastKnownFileType = file.storyboard; name = Base; path = Base.lproj/LaunchScreen.storyboard; sourceTree = "<group>"; };
		E38B83D92AED04AA00DA0FA9 /* Info.plist */ = {isa = PBXFileReference; lastKnownFileType = text.plist.xml; path = Info.plist; sourceTree = "<group>"; };
		E38B83DE2AED04AA00DA0FA9 /* IosApplicationTests.xctest */ = {isa = PBXFileReference; explicitFileType = wrapper.cfbundle; includeInIndex = 0; path = IosApplicationTests.xctest; sourceTree = BUILT_PRODUCTS_DIR; };
		E38B83E22AED04AA00DA0FA9 /* IosApplicationTests.swift */ = {isa = PBXFileReference; lastKnownFileType = sourcecode.swift; path = IosApplicationTests.swift; sourceTree = "<group>"; };
		E38B83E82AED04AA00DA0FA9 /* IosApplicationUITests.xctest */ = {isa = PBXFileReference; explicitFileType = wrapper.cfbundle; includeInIndex = 0; path = IosApplicationUITests.xctest; sourceTree = BUILT_PRODUCTS_DIR; };
		E38B83EC2AED04AA00DA0FA9 /* IosApplicationUITests.swift */ = {isa = PBXFileReference; lastKnownFileType = sourcecode.swift; path = IosApplicationUITests.swift; sourceTree = "<group>"; };
		E38B83EE2AED04AA00DA0FA9 /* IosApplicationUITestsLaunchTests.swift */ = {isa = PBXFileReference; lastKnownFileType = sourcecode.swift; path = IosApplicationUITestsLaunchTests.swift; sourceTree = "<group>"; };
/* End PBXFileReference section */

/* Begin PBXFrameworksBuildPhase section */
		E38B83C52AED04A500DA0FA9 /* Frameworks */ = {
			isa = PBXFrameworksBuildPhase;
			buildActionMask = 2147483647;
			files = (
			);
			runOnlyForDeploymentPostprocessing = 0;
		};
		E38B83DB2AED04AA00DA0FA9 /* Frameworks */ = {
			isa = PBXFrameworksBuildPhase;
			buildActionMask = 2147483647;
			files = (
			);
			runOnlyForDeploymentPostprocessing = 0;
		};
		E38B83E52AED04AA00DA0FA9 /* Frameworks */ = {
			isa = PBXFrameworksBuildPhase;
			buildActionMask = 2147483647;
			files = (
			);
			runOnlyForDeploymentPostprocessing = 0;
		};
/* End PBXFrameworksBuildPhase section */

/* Begin PBXGroup section */
		E38B83BF2AED04A500DA0FA9 = {
			isa = PBXGroup;
			children = (
				E38B83CA2AED04A500DA0FA9 /* IosApplication */,
				E38B83E12AED04AA00DA0FA9 /* IosApplicationTests */,
				E38B83EB2AED04AA00DA0FA9 /* IosApplicationUITests */,
				E38B83C92AED04A500DA0FA9 /* Products */,
			);
			sourceTree = "<group>";
		};
		E38B83C92AED04A500DA0FA9 /* Products */ = {
			isa = PBXGroup;
			children = (
				E38B83C82AED04A500DA0FA9 /* IosApplication.app */,
				E38B83DE2AED04AA00DA0FA9 /* IosApplicationTests.xctest */,
				E38B83E82AED04AA00DA0FA9 /* IosApplicationUITests.xctest */,
			);
			name = Products;
			sourceTree = "<group>";
		};
		E38B83CA2AED04A500DA0FA9 /* IosApplication */ = {
			isa = PBXGroup;
			children = (
				E38B83CB2AED04A500DA0FA9 /* AppDelegate.swift */,
				E38B83CD2AED04A500DA0FA9 /* SceneDelegate.swift */,
				E38B83CF2AED04A500DA0FA9 /* ViewController.swift */,
				E38B83D12AED04A500DA0FA9 /* Main.storyboard */,
				E38B83D42AED04AA00DA0FA9 /* Assets.xcassets */,
				E38B83D62AED04AA00DA0FA9 /* LaunchScreen.storyboard */,
				E38B83D92AED04AA00DA0FA9 /* Info.plist */,
			);
			path = IosApplication;
			sourceTree = "<group>";
		};
		E38B83E12AED04AA00DA0FA9 /* IosApplicationTests */ = {
			isa = PBXGroup;
			children = (
				E38B83E22AED04AA00DA0FA9 /* IosApplicationTests.swift */,
			);
			path = IosApplicationTests;
			sourceTree = "<group>";
		};
		E38B83EB2AED04AA00DA0FA9 /* IosApplicationUITests */ = {
			isa = PBXGroup;
			children = (
				E38B83EC2AED04AA00DA0FA9 /* IosApplicationUITests.swift */,
				E38B83EE2AED04AA00DA0FA9 /* IosApplicationUITestsLaunchTests.swift */,
			);
			path = IosApplicationUITests;
			sourceTree = "<group>";
		};
/* End PBXGroup section */

/* Begin PBXNativeTarget section */
		E38B83C72AED04A500DA0FA9 /* IosApplication */ = {
			isa = PBXNativeTarget;
			buildConfigurationList = E38B83F22AED04AA00DA0FA9 /* Build configuration list for PBXNativeTarget "IosApplication" */;
			buildPhases = (
				E38B83C42AED04A500DA0FA9 /* Sources */,
				E38B83C52AED04A500DA0FA9 /* Frameworks */,
				E38B83C62AED04A500DA0FA9 /* Resources */,
			);
			buildRules = (
			);
			dependencies = (
			);
			name = IosApplication;
			productName = IosApplication;
			productReference = E38B83C82AED04A500DA0FA9 /* IosApplication.app */;
			productType = "com.apple.product-type.application";
		};
		E38B83DD2AED04AA00DA0FA9 /* IosApplicationTests */ = {
			isa = PBXNativeTarget;
			buildConfigurationList = E38B83F52AED04AA00DA0FA9 /* Build configuration list for PBXNativeTarget "IosApplicationTests" */;
			buildPhases = (
				E38B83DA2AED04AA00DA0FA9 /* Sources */,
				E38B83DB2AED04AA00DA0FA9 /* Frameworks */,
				E38B83DC2AED04AA00DA0FA9 /* Resources */,
			);
			buildRules = (
			);
			dependencies = (
				E38B83E02AED04AA00DA0FA9 /* PBXTargetDependency */,
			);
			name = IosApplicationTests;
			productName = IosApplicationTests;
			productReference = E38B83DE2AED04AA00DA0FA9 /* IosApplicationTests.xctest */;
			productType = "com.apple.product-type.bundle.unit-test";
		};
		E38B83E72AED04AA00DA0FA9 /* IosApplicationUITests */ = {
			isa = PBXNativeTarget;
			buildConfigurationList = E38B83F82AED04AA00DA0FA9 /* Build configuration list for PBXNativeTarget "IosApplicationUITests" */;
			buildPhases = (
				E38B83E42AED04AA00DA0FA9 /* Sources */,
				E38B83E52AED04AA00DA0FA9 /* Frameworks */,
				E38B83E62AED04AA00DA0FA9 /* Resources */,
			);
			buildRules = (
			);
			dependencies = (
				E38B83EA2AED04AA00DA0FA9 /* PBXTargetDependency */,
			);
			name = IosApplicationUITests;
			productName = IosApplicationUITests;
			productReference = E38B83E82AED04AA00DA0FA9 /* IosApplicationUITests.xctest */;
			productType = "com.apple.product-type.bundle.ui-testing";
		};
/* End PBXNativeTarget section */

/* Begin PBXProject section */
		E38B83C02AED04A500DA0FA9 /* Project object */ = {
			isa = PBXProject;
			attributes = {
				BuildIndependentTargetsInParallel = 1;
				LastSwiftUpdateCheck = 1400;
				LastUpgradeCheck = 1400;
				TargetAttributes = {
					E38B83C72AED04A500DA0FA9 = {
						CreatedOnToolsVersion = 14.0.1;
					};
					E38B83DD2AED04AA00DA0FA9 = {
						CreatedOnToolsVersion = 14.0.1;
						TestTargetID = E38B83C72AED04A500DA0FA9;
					};
					E38B83E72AED04AA00DA0FA9 = {
						CreatedOnToolsVersion = 14.0.1;
						TestTargetID = E38B83C72AED04A500DA0FA9;
					};
				};
			};
			buildConfigurationList = E38B83C32AED04A500DA0FA9 /* Build configuration list for PBXProject "IosApplication" */;
			compatibilityVersion = "Xcode 14.0";
			developmentRegion = en;
			hasScannedForEncodings = 0;
			knownRegions = (
				en,
				Base,
			);
			mainGroup = E38B83BF2AED04A500DA0FA9;
			productRefGroup = E38B83C92AED04A500DA0FA9 /* Products */;
			projectDirPath = "";
			projectRoot = "";
			targets = (
				E38B83C72AED04A500DA0FA9 /* IosApplication */,
				E38B83DD2AED04AA00DA0FA9 /* IosApplicationTests */,
				E38B83E72AED04AA00DA0FA9 /* IosApplicationUITests */,
			);
		};
/* End PBXProject section */

/* Begin PBXResourcesBuildPhase section */
		E38B83C62AED04A500DA0FA9 /* Resources */ = {
			isa = PBXResourcesBuildPhase;
			buildActionMask = 2147483647;
			files = (
				E38B83D82AED04AA00DA0FA9 /* LaunchScreen.storyboard in Resources */,
				E38B83D52AED04AA00DA0FA9 /* Assets.xcassets in Resources */,
				E38B83D32AED04A500DA0FA9 /* Main.storyboard in Resources */,
			);
			runOnlyForDeploymentPostprocessing = 0;
		};
		E38B83DC2AED04AA00DA0FA9 /* Resources */ = {
			isa = PBXResourcesBuildPhase;
			buildActionMask = 2147483647;
			files = (
			);
			runOnlyForDeploymentPostprocessing = 0;
		};
		E38B83E62AED04AA00DA0FA9 /* Resources */ = {
			isa = PBXResourcesBuildPhase;
			buildActionMask = 2147483647;
			files = (
			);
			runOnlyForDeploymentPostprocessing = 0;
		};
/* End PBXResourcesBuildPhase section */

/* Begin PBXSourcesBuildPhase section */
		E38B83C42AED04A500DA0FA9 /* Sources */ = {
			isa = PBXSourcesBuildPhase;
			buildActionMask = 2147483647;
			files = (
				E38B83D02AED04A500DA0FA9 /* ViewController.swift in Sources */,
				E38B83CC2AED04A500DA0FA9 /* AppDelegate.swift in Sources */,
				E38B83CE2AED04A500DA0FA9 /* SceneDelegate.swift in Sources */,
			);
			runOnlyForDeploymentPostprocessing = 0;
		};
		E38B83DA2AED04AA00DA0FA9 /* Sources */ = {
			isa = PBXSourcesBuildPhase;
			buildActionMask = 2147483647;
			files = (
				E38B83E32AED04AA00DA0FA9 /* IosApplicationTests.swift in Sources */,
			);
			runOnlyForDeploymentPostprocessing = 0;
		};
		E38B83E42AED04AA00DA0FA9 /* Sources */ = {
			isa = PBXSourcesBuildPhase;
			buildActionMask = 2147483647;
			files = (
				E38B83ED2AED04AA00DA0FA9 /* IosApplicationUITests.swift in Sources */,
				E38B83EF2AED04AA00DA0FA9 /* IosApplicationUITestsLaunchTests.swift in Sources */,
			);
			runOnlyForDeploymentPostprocessing = 0;
		};
/* End PBXSourcesBuildPhase section */

/* Begin PBXTargetDependency section */
		E38B83E02AED04AA00DA0FA9 /* PBXTargetDependency */ = {
			isa = PBXTargetDependency;
			target = E38B83C72AED04A500DA0FA9 /* IosApplication */;
			targetProxy = E38B83DF2AED04AA00DA0FA9 /* PBXContainerItemProxy */;
		};
		E38B83EA2AED04AA00DA0FA9 /* PBXTargetDependency */ = {
			isa = PBXTargetDependency;
			target = E38B83C72AED04A500DA0FA9 /* IosApplication */;
			targetProxy = E38B83E92AED04AA00DA0FA9 /* PBXContainerItemProxy */;
		};
/* End PBXTargetDependency section */

/* Begin PBXVariantGroup section */
		E38B83D12AED04A500DA0FA9 /* Main.storyboard */ = {
			isa = PBXVariantGroup;
			children = (
				E38B83D22AED04A500DA0FA9 /* Base */,
			);
			name = Main.storyboard;
			sourceTree = "<group>";
		};
		E38B83D62AED04AA00DA0FA9 /* LaunchScreen.storyboard */ = {
			isa = PBXVariantGroup;
			children = (
				E38B83D72AED04AA00DA0FA9 /* Base */,
			);
			name = LaunchScreen.storyboard;
			sourceTree = "<group>";
		};
/* End PBXVariantGroup section */

/* Begin XCBuildConfiguration section */
		E38B83F02AED04AA00DA0FA9 /* Debug */ = {
			isa = XCBuildConfiguration;
			buildSettings = {
				ALWAYS_SEARCH_USER_PATHS = NO;
				CLANG_ANALYZER_NONNULL = YES;
				CLANG_ANALYZER_NUMBER_OBJECT_CONVERSION = YES_AGGRESSIVE;
				CLANG_CXX_LANGUAGE_STANDARD = "gnu++20";
				CLANG_ENABLE_MODULES = YES;
				CLANG_ENABLE_OBJC_ARC = YES;
				CLANG_ENABLE_OBJC_WEAK = YES;
				CLANG_WARN_BLOCK_CAPTURE_AUTORELEASING = YES;
				CLANG_WARN_BOOL_CONVERSION = YES;
				CLANG_WARN_COMMA = YES;
				CLANG_WARN_CONSTANT_CONVERSION = YES;
				CLANG_WARN_DEPRECATED_OBJC_IMPLEMENTATIONS = YES;
				CLANG_WARN_DIRECT_OBJC_ISA_USAGE = YES_ERROR;
				CLANG_WARN_DOCUMENTATION_COMMENTS = YES;
				CLANG_WARN_EMPTY_BODY = YES;
				CLANG_WARN_ENUM_CONVERSION = YES;
				CLANG_WARN_INFINITE_RECURSION = YES;
				CLANG_WARN_INT_CONVERSION = YES;
				CLANG_WARN_NON_LITERAL_NULL_CONVERSION = YES;
				CLANG_WARN_OBJC_IMPLICIT_RETAIN_SELF = YES;
				CLANG_WARN_OBJC_LITERAL_CONVERSION = YES;
				CLANG_WARN_OBJC_ROOT_CLASS = YES_ERROR;
				CLANG_WARN_QUOTED_INCLUDE_IN_FRAMEWORK_HEADER = YES;
				CLANG_WARN_RANGE_LOOP_ANALYSIS = YES;
				CLANG_WARN_STRICT_PROTOTYPES = YES;
				CLANG_WARN_SUSPICIOUS_MOVE = YES;
				CLANG_WARN_UNGUARDED_AVAILABILITY = YES_AGGRESSIVE;
				CLANG_WARN_UNREACHABLE_CODE = YES;
				CLANG_WARN__DUPLICATE_METHOD_MATCH = YES;
				COPY_PHASE_STRIP = NO;
				DEBUG_INFORMATION_FORMAT = dwarf;
				ENABLE_STRICT_OBJC_MSGSEND = YES;
				ENABLE_TESTABILITY = YES;
				GCC_C_LANGUAGE_STANDARD = gnu11;
				GCC_DYNAMIC_NO_PIC = NO;
				GCC_NO_COMMON_BLOCKS = YES;
				GCC_OPTIMIZATION_LEVEL = 0;
				GCC_PREPROCESSOR_DEFINITIONS = (
					"DEBUG=1",
					"$(inherited)",
				);
				GCC_WARN_64_TO_32_BIT_CONVERSION = YES;
				GCC_WARN_ABOUT_RETURN_TYPE = YES_ERROR;
				GCC_WARN_UNDECLARED_SELECTOR = YES;
				GCC_WARN_UNINITIALIZED_AUTOS = YES_AGGRESSIVE;
				GCC_WARN_UNUSED_FUNCTION = YES;
				GCC_WARN_UNUSED_VARIABLE = YES;
				IPHONEOS_DEPLOYMENT_TARGET = 16.0;
				MTL_ENABLE_DEBUG_INFO = INCLUDE_SOURCE;
				MTL_FAST_MATH = YES;
				ONLY_ACTIVE_ARCH = YES;
				SDKROOT = iphoneos;
				SWIFT_ACTIVE_COMPILATION_CONDITIONS = DEBUG;
				SWIFT_OPTIMIZATION_LEVEL = "-Onone";
			};
			name = Debug;
		};
		E38B83F12AED04AA00DA0FA9 /* Release */ = {
			isa = XCBuildConfiguration;
			buildSettings = {
				ALWAYS_SEARCH_USER_PATHS = NO;
				CLANG_ANALYZER_NONNULL = YES;
				CLANG_ANALYZER_NUMBER_OBJECT_CONVERSION = YES_AGGRESSIVE;
				CLANG_CXX_LANGUAGE_STANDARD = "gnu++20";
				CLANG_ENABLE_MODULES = YES;
				CLANG_ENABLE_OBJC_ARC = YES;
				CLANG_ENABLE_OBJC_WEAK = YES;
				CLANG_WARN_BLOCK_CAPTURE_AUTORELEASING = YES;
				CLANG_WARN_BOOL_CONVERSION = YES;
				CLANG_WARN_COMMA = YES;
				CLANG_WARN_CONSTANT_CONVERSION = YES;
				CLANG_WARN_DEPRECATED_OBJC_IMPLEMENTATIONS = YES;
				CLANG_WARN_DIRECT_OBJC_ISA_USAGE = YES_ERROR;
				CLANG_WARN_DOCUMENTATION_COMMENTS = YES;
				CLANG_WARN_EMPTY_BODY = YES;
				CLANG_WARN_ENUM_CONVERSION = YES;
				CLANG_WARN_INFINITE_RECURSION = YES;
				CLANG_WARN_INT_CONVERSION = YES;
				CLANG_WARN_NON_LITERAL_NULL_CONVERSION = YES;
				CLANG_WARN_OBJC_IMPLICIT_RETAIN_SELF = YES;
				CLANG_WARN_OBJC_LITERAL_CONVERSION = YES;
				CLANG_WARN_OBJC_ROOT_CLASS = YES_ERROR;
				CLANG_WARN_QUOTED_INCLUDE_IN_FRAMEWORK_HEADER = YES;
				CLANG_WARN_RANGE_LOOP_ANALYSIS = YES;
				CLANG_WARN_STRICT_PROTOTYPES = YES;
				CLANG_WARN_SUSPICIOUS_MOVE = YES;
				CLANG_WARN_UNGUARDED_AVAILABILITY = YES_AGGRESSIVE;
				CLANG_WARN_UNREACHABLE_CODE = YES;
				CLANG_WARN__DUPLICATE_METHOD_MATCH = YES;
				COPY_PHASE_STRIP = NO;
				DEBUG_INFORMATION_FORMAT = "dwarf-with-dsym";
				ENABLE_NS_ASSERTIONS = NO;
				ENABLE_STRICT_OBJC_MSGSEND = YES;
				GCC_C_LANGUAGE_STANDARD = gnu11;
				GCC_NO_COMMON_BLOCKS = YES;
				GCC_WARN_64_TO_32_BIT_CONVERSION = YES;
				GCC_WARN_ABOUT_RETURN_TYPE = YES_ERROR;
				GCC_WARN_UNDECLARED_SELECTOR = YES;
				GCC_WARN_UNINITIALIZED_AUTOS = YES_AGGRESSIVE;
				GCC_WARN_UNUSED_FUNCTION = YES;
				GCC_WARN_UNUSED_VARIABLE = YES;
				IPHONEOS_DEPLOYMENT_TARGET = 16.0;
				MTL_ENABLE_DEBUG_INFO = NO;
				MTL_FAST_MATH = YES;
				SDKROOT = iphoneos;
				SWIFT_COMPILATION_MODE = wholemodule;
				SWIFT_OPTIMIZATION_LEVEL = "-O";
				VALIDATE_PRODUCT = YES;
			};
			name = Release;
		};
		E38B83F32AED04AA00DA0FA9 /* Debug */ = {
			isa = XCBuildConfiguration;
			buildSettings = {
				ASSETCATALOG_COMPILER_APPICON_NAME = AppIcon;
				ASSETCATALOG_COMPILER_GLOBAL_ACCENT_COLOR_NAME = AccentColor;
				CODE_SIGN_STYLE = Automatic;
				CURRENT_PROJECT_VERSION = 1;
				DEVELOPMENT_TEAM = MBB475DSV5;
				GENERATE_INFOPLIST_FILE = YES;
				INFOPLIST_FILE = IosApplication/Info.plist;
				INFOPLIST_KEY_UIApplicationSupportsIndirectInputEvents = YES;
				INFOPLIST_KEY_UILaunchStoryboardName = LaunchScreen;
				INFOPLIST_KEY_UIMainStoryboardFile = Main;
				INFOPLIST_KEY_UISupportedInterfaceOrientations_iPad = "UIInterfaceOrientationPortrait UIInterfaceOrientationPortraitUpsideDown UIInterfaceOrientationLandscapeLeft UIInterfaceOrientationLandscapeRight";
				INFOPLIST_KEY_UISupportedInterfaceOrientations_iPhone = "UIInterfaceOrientationPortrait UIInterfaceOrientationLandscapeLeft UIInterfaceOrientationLandscapeRight";
				LD_RUNPATH_SEARCH_PATHS = (
					"$(inherited)",
					"@executable_path/Frameworks",
				);
				MARKETING_VERSION = 1.0;
				PRODUCT_BUNDLE_IDENTIFIER = ycj.IosApplication;
				PRODUCT_NAME = "$(TARGET_NAME)";
				SWIFT_EMIT_LOC_STRINGS = YES;
				SWIFT_VERSION = 5.0;
				TARGETED_DEVICE_FAMILY = "1,2";
			};
			name = Debug;
		};
		E38B83F42AED04AA00DA0FA9 /* Release */ = {
			isa = XCBuildConfiguration;
			buildSettings = {
				ASSETCATALOG_COMPILER_APPICON_NAME = AppIcon;
				ASSETCATALOG_COMPILER_GLOBAL_ACCENT_COLOR_NAME = AccentColor;
				CODE_SIGN_STYLE = Automatic;
				CURRENT_PROJECT_VERSION = 1;
				DEVELOPMENT_TEAM = MBB475DSV5;
				GENERATE_INFOPLIST_FILE = YES;
				INFOPLIST_FILE = IosApplication/Info.plist;
				INFOPLIST_KEY_UIApplicationSupportsIndirectInputEvents = YES;
				INFOPLIST_KEY_UILaunchStoryboardName = LaunchScreen;
				INFOPLIST_KEY_UIMainStoryboardFile = Main;
				INFOPLIST_KEY_UISupportedInterfaceOrientations_iPad = "UIInterfaceOrientationPortrait UIInterfaceOrientationPortraitUpsideDown UIInterfaceOrientationLandscapeLeft UIInterfaceOrientationLandscapeRight";
				INFOPLIST_KEY_UISupportedInterfaceOrientations_iPhone = "UIInterfaceOrientationPortrait UIInterfaceOrientationLandscapeLeft UIInterfaceOrientationLandscapeRight";
				LD_RUNPATH_SEARCH_PATHS = (
					"$(inherited)",
					"@executable_path/Frameworks",
				);
				MARKETING_VERSION = 1.0;
				PRODUCT_BUNDLE_IDENTIFIER = ycj.IosApplication;
				PRODUCT_NAME = "$(TARGET_NAME)";
				SWIFT_EMIT_LOC_STRINGS = YES;
				SWIFT_VERSION = 5.0;
				TARGETED_DEVICE_FAMILY = "1,2";
			};
			name = Release;
		};
		E38B83F62AED04AA00DA0FA9 /* Debug */ = {
			isa = XCBuildConfiguration;
			buildSettings = {
				ALWAYS_EMBED_SWIFT_STANDARD_LIBRARIES = YES;
				BUNDLE_LOADER = "$(TEST_HOST)";
				CODE_SIGN_STYLE = Automatic;
				CURRENT_PROJECT_VERSION = 1;
				DEVELOPMENT_TEAM = MBB475DSV5;
				GENERATE_INFOPLIST_FILE = YES;
				IPHONEOS_DEPLOYMENT_TARGET = 16.0;
				MARKETING_VERSION = 1.0;
				PRODUCT_BUNDLE_IDENTIFIER = ycj.IosApplicationTests;
				PRODUCT_NAME = "$(TARGET_NAME)";
				SWIFT_EMIT_LOC_STRINGS = NO;
				SWIFT_VERSION = 5.0;
				TARGETED_DEVICE_FAMILY = "1,2";
				TEST_HOST = "$(BUILT_PRODUCTS_DIR)/IosApplication.app/$(BUNDLE_EXECUTABLE_FOLDER_PATH)/IosApplication";
			};
			name = Debug;
		};
		E38B83F72AED04AA00DA0FA9 /* Release */ = {
			isa = XCBuildConfiguration;
			buildSettings = {
				ALWAYS_EMBED_SWIFT_STANDARD_LIBRARIES = YES;
				BUNDLE_LOADER = "$(TEST_HOST)";
				CODE_SIGN_STYLE = Automatic;
				CURRENT_PROJECT_VERSION = 1;
				DEVELOPMENT_TEAM = MBB475DSV5;
				GENERATE_INFOPLIST_FILE = YES;
				IPHONEOS_DEPLOYMENT_TARGET = 16.0;
				MARKETING_VERSION = 1.0;
				PRODUCT_BUNDLE_IDENTIFIER = ycj.IosApplicationTests;
				PRODUCT_NAME = "$(TARGET_NAME)";
				SWIFT_EMIT_LOC_STRINGS = NO;
				SWIFT_VERSION = 5.0;
				TARGETED_DEVICE_FAMILY = "1,2";
				TEST_HOST = "$(BUILT_PRODUCTS_DIR)/IosApplication.app/$(BUNDLE_EXECUTABLE_FOLDER_PATH)/IosApplication";
			};
			name = Release;
		};
		E38B83F92AED04AA00DA0FA9 /* Debug */ = {
			isa = XCBuildConfiguration;
			buildSettings = {
				ALWAYS_EMBED_SWIFT_STANDARD_LIBRARIES = YES;
				CODE_SIGN_STYLE = Automatic;
				CURRENT_PROJECT_VERSION = 1;
				DEVELOPMENT_TEAM = MBB475DSV5;
				GENERATE_INFOPLIST_FILE = YES;
				MARKETING_VERSION = 1.0;
				PRODUCT_BUNDLE_IDENTIFIER = ycj.IosApplicationUITests;
				PRODUCT_NAME = "$(TARGET_NAME)";
				SWIFT_EMIT_LOC_STRINGS = NO;
				SWIFT_VERSION = 5.0;
				TARGETED_DEVICE_FAMILY = "1,2";
				TEST_TARGET_NAME = IosApplication;
			};
			name = Debug;
		};
		E38B83FA2AED04AA00DA0FA9 /* Release */ = {
			isa = XCBuildConfiguration;
			buildSettings = {
				ALWAYS_EMBED_SWIFT_STANDARD_LIBRARIES = YES;
				CODE_SIGN_STYLE = Automatic;
				CURRENT_PROJECT_VERSION = 1;
				DEVELOPMENT_TEAM = MBB475DSV5;
				GENERATE_INFOPLIST_FILE = YES;
				MARKETING_VERSION = 1.0;
				PRODUCT_BUNDLE_IDENTIFIER = ycj.IosApplicationUITests;
				PRODUCT_NAME = "$(TARGET_NAME)";
				SWIFT_EMIT_LOC_STRINGS = NO;
				SWIFT_VERSION = 5.0;
				TARGETED_DEVICE_FAMILY = "1,2";
				TEST_TARGET_NAME = IosApplication;
			};
			name = Release;
		};
/* End XCBuildConfiguration section */

/* Begin XCConfigurationList section */
		E38B83C32AED04A500DA0FA9 /* Build configuration list for PBXProject "IosApplication" */ = {
			isa = XCConfigurationList;
			buildConfigurations = (
				E38B83F02AED04AA00DA0FA9 /* Debug */,
				E38B83F12AED04AA00DA0FA9 /* Release */,
			);
			defaultConfigurationIsVisible = 0;
			defaultConfigurationName = Release;
		};
		E38B83F22AED04AA00DA0FA9 /* Build configuration list for PBXNativeTarget "IosApplication" */ = {
			isa = XCConfigurationList;
			buildConfigurations = (
				E38B83F32AED04AA00DA0FA9 /* Debug */,
				E38B83F42AED04AA00DA0FA9 /* Release */,
			);
			defaultConfigurationIsVisible = 0;
			defaultConfigurationName = Release;
		};
		E38B83F52AED04AA00DA0FA9 /* Build configuration list for PBXNativeTarget "IosApplicationTests" */ = {
			isa = XCConfigurationList;
			buildConfigurations = (
				E38B83F62AED04AA00DA0FA9 /* Debug */,
				E38B83F72AED04AA00DA0FA9 /* Release */,
			);
			defaultConfigurationIsVisible = 0;
			defaultConfigurationName = Release;
		};
		E38B83F82AED04AA00DA0FA9 /* Build configuration list for PBXNativeTarget "IosApplicationUITests" */ = {
			isa = XCConfigurationList;
			buildConfigurations = (
				E38B83F92AED04AA00DA0FA9 /* Debug */,
				E38B83FA2AED04AA00DA0FA9 /* Release */,
			);
			defaultConfigurationIsVisible = 0;
			defaultConfigurationName = Release;
		};
/* End XCConfigurationList section */
	};
	rootObject = E38B83C02AED04A500DA0FA9 /* Project object */;
}
